[dependencies]
  [dependencies.kcl3]
    name = "kcl3"
    url = "https://github.com/zong-zhe/kcl3.git"
    sum = "iOieFmTUdT1vHvTALQMJoaSJKPbeelz4H5HRFOcE0GI="
  [dependencies.kcl4]
    name = "kcl4"
    url = "https://github.com/zong-zhe/kcl4.git"
    sum = "AvGDDZC3zT4F49UMFdy2FZ6GQUlUIh44BzvfZu3l4uA="
