[dependencies]
  [dependencies.kcl3]
    name = "kcl3"
    url = "https://github.com/zong-zhe/kcl3.git"
    sum = "nazYYac5UogGdbak2ajJr3QTN4C6MTYyiQlsben/yBg="
  [dependencies.kcl4]
    name = "kcl4"
    url = "https://github.com/zong-zhe/kcl4.git"
    sum = "+lyyPaJBNBOp2ffj1ZR4UWe2yQl7pEqvrz38kABGNTo="
